// !$*UTF8*$!
{
	archiveVersion = 1;
	classes = {
	};
	objectVersion = 46;
	objects = {

/* Begin PBXBuildFile section */
		FE08E4B41DFEC931003B3C2A /* main.m in Sources */ = {isa = PBXBuildFile; fileRef = FE08E4B31DFEC931003B3C2A /* main.m */; };
		FE08E4BC1DFECB9E003B3C2A /* EOCAutoDictionary.m in Sources */ = {isa = PBXBuildFile; fileRef = FE08E4BB1DFECB9E003B3C2A /* EOCAutoDictionary.m */; };
		FE57B41F1E04EAFF0012C11E /* Saker.m in Sources */ = {isa = PBXBuildFile; fileRef = FE57B41E1E04EAFF0012C11E /* Saker.m */; };
		FECCD0A81E00D1D20085A67B /* RuntimeClass.m in Sources */ = {isa = PBXBuildFile; fileRef = FECCD0A71E00D1D20085A67B /* RuntimeClass.m */; };
/* End PBXBuildFile section */

/* Begin PBXCopyFilesBuildPhase section */
		FE08E4AE1DFEC931003B3C2A /* CopyFiles */ = {
			isa = PBXCopyFilesBuildPhase;
			buildActionMask = 2147483647;
			dstPath = /usr/share/man/man1/;
			dstSubfolderSpec = 0;
			files = (
			);
			runOnlyForDeploymentPostprocessing = 1;
		};
/* End PBXCopyFilesBuildPhase section */

/* Begin PBXFileReference section */
		FE08E4B01DFEC931003B3C2A /* OCHacker */ = {isa = PBXFileReference; explicitFileType = "compiled.mach-o.executable"; includeInIndex = 0; path = OCHacker; sourceTree = BUILT_PRODUCTS_DIR; };
		FE08E4B31DFEC931003B3C2A /* main.m */ = {isa = PBXFileReference; lastKnownFileType = sourcecode.c.objc; path = main.m; sourceTree = "<group>"; };
		FE08E4BA1DFECB9E003B3C2A /* EOCAutoDictionary.h */ = {isa = PBXFileReference; fileEncoding = 4; lastKnownFileType = sourcecode.c.h; path = EOCAutoDictionary.h; sourceTree = "<group>"; };
		FE08E4BB1DFECB9E003B3C2A /* EOCAutoDictionary.m */ = {isa = PBXFileReference; fileEncoding = 4; lastKnownFileType = sourcecode.c.objc; path = EOCAutoDictionary.m; sourceTree = "<group>"; };
		FE57B41D1E04EAFF0012C11E /* Saker.h */ = {isa = PBXFileReference; fileEncoding = 4; lastKnownFileType = sourcecode.c.h; path = Saker.h; sourceTree = "<group>"; };
		FE57B41E1E04EAFF0012C11E /* Saker.m */ = {isa = PBXFileReference; fileEncoding = 4; lastKnownFileType = sourcecode.c.objc; path = Saker.m; sourceTree = "<group>"; };
		FECCD0A61E00D1D20085A67B /* RuntimeClass.h */ = {isa = PBXFileReference; fileEncoding = 4; lastKnownFileType = sourcecode.c.h; path = RuntimeClass.h; sourceTree = "<group>"; };
		FECCD0A71E00D1D20085A67B /* RuntimeClass.m */ = {isa = PBXFileReference; fileEncoding = 4; lastKnownFileType = sourcecode.c.objc; path = RuntimeClass.m; sourceTree = "<group>"; };
/* End PBXFileReference section */

/* Begin PBXFrameworksBuildPhase section */
		FE08E4AD1DFEC931003B3C2A /* Frameworks */ = {
			isa = PBXFrameworksBuildPhase;
			buildActionMask = 2147483647;
			files = (
			);
			runOnlyForDeploymentPostprocessing = 0;
		};
/* End PBXFrameworksBuildPhase section */

/* Begin PBXGroup section */
		FE08E4A71DFEC931003B3C2A = {
			isa = PBXGroup;
			children = (
				FE08E4B21DFEC931003B3C2A /* OCHacker */,
				FE08E4B11DFEC931003B3C2A /* Products */,
			);
			sourceTree = "<group>";
		};
		FE08E4B11DFEC931003B3C2A /* Products */ = {
			isa = PBXGroup;
			children = (
				FE08E4B01DFEC931003B3C2A /* OCHacker */,
			);
			name = Products;
			sourceTree = "<group>";
		};
		FE08E4B21DFEC931003B3C2A /* OCHacker */ = {
			isa = PBXGroup;
			children = (
				FE08E4B31DFEC931003B3C2A /* main.m */,
				FE08E4BA1DFECB9E003B3C2A /* EOCAutoDictionary.h */,
				FE08E4BB1DFECB9E003B3C2A /* EOCAutoDictionary.m */,
				FECCD0A61E00D1D20085A67B /* RuntimeClass.h */,
				FECCD0A71E00D1D20085A67B /* RuntimeClass.m */,
				FE57B41D1E04EAFF0012C11E /* Saker.h */,
				FE57B41E1E04EAFF0012C11E /* Saker.m */,
			);
			path = OCHacker;
			sourceTree = "<group>";
		};
/* End PBXGroup section */

/* Begin PBXNativeTarget section */
		FE08E4AF1DFEC931003B3C2A /* OCHacker */ = {
			isa = PBXNativeTarget;
			buildConfigurationList = FE08E4B71DFEC931003B3C2A /* Build configuration list for PBXNativeTarget "OCHacker" */;
			buildPhases = (
				FE08E4AC1DFEC931003B3C2A /* Sources */,
				FE08E4AD1DFEC931003B3C2A /* Frameworks */,
				FE08E4AE1DFEC931003B3C2A /* CopyFiles */,
			);
			buildRules = (
			);
			dependencies = (
			);
			name = OCHacker;
			productName = OCHacker;
			productReference = FE08E4B01DFEC931003B3C2A /* OCHacker */;
			productType = "com.apple.product-type.tool";
		};
/* End PBXNativeTarget section */

/* Begin PBXProject section */
		FE08E4A81DFEC931003B3C2A /* Project object */ = {
			isa = PBXProject;
			attributes = {
				LastUpgradeCheck = 0810;
				ORGANIZATIONNAME = Jone;
				TargetAttributes = {
					FE08E4AF1DFEC931003B3C2A = {
						CreatedOnToolsVersion = 8.1;
						ProvisioningStyle = Automatic;
					};
				};
			};
			buildConfigurationList = FE08E4AB1DFEC931003B3C2A /* Build configuration list for PBXProject "OCHacker" */;
			compatibilityVersion = "Xcode 3.2";
			developmentRegion = English;
			hasScannedForEncodings = 0;
			knownRegions = (
				en,
			);
			mainGroup = FE08E4A71DFEC931003B3C2A;
			productRefGroup = FE08E4B11DFEC931003B3C2A /* Products */;
			projectDirPath = "";
			projectRoot = "";
			targets = (
				FE08E4AF1DFEC931003B3C2A /* OCHacker */,
			);
		};
/* End PBXProject section */

/* Begin PBXSourcesBuildPhase section */
		FE08E4AC1DFEC931003B3C2A /* Sources */ = {
			isa = PBXSourcesBuildPhase;
			buildActionMask = 2147483647;
			files = (
				FE57B41F1E04EAFF0012C11E /* Saker.m in Sources */,
				FE08E4BC1DFECB9E003B3C2A /* EOCAutoDictionary.m in Sources */,
				FE08E4B41DFEC931003B3C2A /* main.m in Sources */,
				FECCD0A81E00D1D20085A67B /* RuntimeClass.m in Sources */,
			);
			runOnlyForDeploymentPostprocessing = 0;
		};
/* End PBXSourcesBuildPhase section */

/* Begin XCBuildConfiguration section */
		FE08E4B51DFEC931003B3C2A /* Debug */ = {
			isa = XCBuildConfiguration;
			buildSettings = {
				ALWAYS_SEARCH_USER_PATHS = NO;
				CLANG_ANALYZER_NONNULL = YES;
				CLANG_CXX_LANGUAGE_STANDARD = "gnu++0x";
				CLANG_CXX_LIBRARY = "libc++";
				CLANG_ENABLE_MODULES = YES;
				CLANG_ENABLE_OBJC_ARC = YES;
				CLANG_WARN_BOOL_CONVERSION = YES;
				CLANG_WARN_CONSTANT_CONVERSION = YES;
				CLANG_WARN_DIRECT_OBJC_ISA_USAGE = YES_ERROR;
				CLANG_WARN_DOCUMENTATION_COMMENTS = YES;
				CLANG_WARN_EMPTY_BODY = YES;
				CLANG_WARN_ENUM_CONVERSION = YES;
				CLANG_WARN_INFINITE_RECURSION = YES;
				CLANG_WARN_INT_CONVERSION = YES;
				CLANG_WARN_OBJC_ROOT_CLASS = YES_ERROR;
				CLANG_WARN_SUSPICIOUS_MOVES = YES;
				CLANG_WARN_UNREACHABLE_CODE = YES;
				CLANG_WARN__DUPLICATE_METHOD_MATCH = YES;
				CODE_SIGN_IDENTITY = "-";
				COPY_PHASE_STRIP = NO;
				DEBUG_INFORMATION_FORMAT = dwarf;
				ENABLE_STRICT_OBJC_MSGSEND = YES;
				ENABLE_TESTABILITY = YES;
				GCC_C_LANGUAGE_STANDARD = gnu99;
				GCC_DYNAMIC_NO_PIC = NO;
				GCC_NO_COMMON_BLOCKS = YES;
				GCC_OPTIMIZATION_LEVEL = 0;
				GCC_PREPROCESSOR_DEFINITIONS = (
					"DEBUG=1",
					"$(inherited)",
				);
				GCC_WARN_64_TO_32_BIT_CONVERSION = YES;
				GCC_WARN_ABOUT_RETURN_TYPE = YES_ERROR;
				GCC_WARN_UNDECLARED_SELECTOR = YES;
				GCC_WARN_UNINITIALIZED_AUTOS = YES_AGGRESSIVE;
				GCC_WARN_UNUSED_FUNCTION = YES;
				GCC_WARN_UNUSED_VARIABLE = YES;
				MACOSX_DEPLOYMENT_TARGET = 10.12;
				MTL_ENABLE_DEBUG_INFO = YES;
				ONLY_ACTIVE_ARCH = YES;
				SDKROOT = macosx;
			};
			name = Debug;
		};
		FE08E4B61DFEC931003B3C2A /* Release */ = {
			isa = XCBuildConfiguration;
			buildSettings = {
				ALWAYS_SEARCH_USER_PATHS = NO;
				CLANG_ANALYZER_NONNULL = YES;
				CLANG_CXX_LANGUAGE_STANDARD = "gnu++0x";
				CLANG_CXX_LIBRARY = "libc++";
				CLANG_ENABLE_MODULES = YES;
				CLANG_ENABLE_OBJC_ARC = YES;
				CLANG_WARN_BOOL_CONVERSION = YES;
				CLANG_WARN_CONSTANT_CONVERSION = YES;
				CLANG_WARN_DIRECT_OBJC_ISA_USAGE = YES_ERROR;
				CLANG_WARN_DOCUMENTATION_COMMENTS = YES;
				CLANG_WARN_EMPTY_BODY = YES;
				CLANG_WARN_ENUM_CONVERSION = YES;
				CLANG_WARN_INFINITE_RECURSION = YES;
				CLANG_WARN_INT_CONVERSION = YES;
				CLANG_WARN_OBJC_ROOT_CLASS = YES_ERROR;
				CLANG_WARN_SUSPICIOUS_MOVES = YES;
				CLANG_WARN_UNREACHABLE_CODE = YES;
				CLANG_WARN__DUPLICATE_METHOD_MATCH = YES;
				CODE_SIGN_IDENTITY = "-";
				COPY_PHASE_STRIP = NO;
				DEBUG_INFORMATION_FORMAT = "dwarf-with-dsym";
				ENABLE_NS_ASSERTIONS = NO;
				ENABLE_STRICT_OBJC_MSGSEND = YES;
				GCC_C_LANGUAGE_STANDARD = gnu99;
				GCC_NO_COMMON_BLOCKS = YES;
				GCC_WARN_64_TO_32_BIT_CONVERSION = YES;
				GCC_WARN_ABOUT_RETURN_TYPE = YES_ERROR;
				GCC_WARN_UNDECLARED_SELECTOR = YES;
				GCC_WARN_UNINITIALIZED_AUTOS = YES_AGGRESSIVE;
				GCC_WARN_UNUSED_FUNCTION = YES;
				GCC_WARN_UNUSED_VARIABLE = YES;
				MACOSX_DEPLOYMENT_TARGET = 10.12;
				MTL_ENABLE_DEBUG_INFO = NO;
				SDKROOT = macosx;
			};
			name = Release;
		};
		FE08E4B81DFEC931003B3C2A /* Debug */ = {
			isa = XCBuildConfiguration;
			buildSettings = {
				PRODUCT_NAME = "$(TARGET_NAME)";
			};
			name = Debug;
		};
		FE08E4B91DFEC931003B3C2A /* Release */ = {
			isa = XCBuildConfiguration;
			buildSettings = {
				PRODUCT_NAME = "$(TARGET_NAME)";
			};
			name = Release;
		};
/* End XCBuildConfiguration section */

/* Begin XCConfigurationList section */
		FE08E4AB1DFEC931003B3C2A /* Build configuration list for PBXProject "OCHacker" */ = {
			isa = XCConfigurationList;
			buildConfigurations = (
				FE08E4B51DFEC931003B3C2A /* Debug */,
				FE08E4B61DFEC931003B3C2A /* Release */,
			);
			defaultConfigurationIsVisible = 0;
			defaultConfigurationName = Release;
		};
		FE08E4B71DFEC931003B3C2A /* Build configuration list for PBXNativeTarget "OCHacker" */ = {
			isa = XCConfigurationList;
			buildConfigurations = (
				FE08E4B81DFEC931003B3C2A /* Debug */,
				FE08E4B91DFEC931003B3C2A /* Release */,
			);
			defaultConfigurationIsVisible = 0;
			defaultConfigurationName = Release;
		};
/* End XCConfigurationList section */
	};
	rootObject = FE08E4A81DFEC931003B3C2A /* Project object */;
}
